Microsoft Visual Studio Solution File, Format Version 12.00
# Visual Studio Version 17
VisualStudioVersion = 17.5.2.0
MinimumVisualStudioVersion = 10.0.40219.1
Project("{FAE04EC0-301F-11D3-BF4B-00C04F79EFBC}") = "TapRackV2", "TapRackV2.csproj", "{6ADE5059-FA14-9A12-8934-DF8415E3871A}"
EndProject
Global
	GlobalSection(SolutionConfigurationPlatforms) = preSolution
		Debug|Any CPU = Debug|Any CPU
		Release|Any CPU = Release|Any CPU
	EndGlobalSection
	GlobalSection(ProjectConfigurationPlatforms) = postSolution
		{6ADE5059-FA14-9A12-8934-DF8415E3871A}.Debug|Any CPU.ActiveCfg = Debug|Any CPU
		{6ADE5059-FA14-9A12-8934-DF8415E3871A}.Debug|Any CPU.Build.0 = Debug|Any CPU
		{6ADE5059-FA14-9A12-8934-DF8415E3871A}.Release|Any CPU.ActiveCfg = Release|Any CPU
		{6ADE5059-FA14-9A12-8934-DF8415E3871A}.Release|Any CPU.Build.0 = Release|Any CPU
	EndGlobalSection
	GlobalSection(SolutionProperties) = preSolution
		HideSolutionNode = FALSE
	EndGlobalSection
	GlobalSection(ExtensibilityGlobals) = postSolution
		SolutionGuid = {A76903A3-A9C3-46AC-905D-39E67396D933}
	EndGlobalSection
EndGlobal
